
Microsoft Visual Studio Solution File, Format Version 12.00
# Visual Studio Version 17
VisualStudioVersion = 17.6.33829.357
MinimumVisualStudioVersion = 10.0.40219.1
Project("{9A19103F-16F7-4668-BE54-9A1E7A4F7556}") = "Belediye Kutuphane Sistemi", "Belediye Kutuphane Sistemi.csproj", "{41C4EC81-7D12-4076-AFEB-251CBF2853EE}"
EndProject
Global
	GlobalSection(SolutionConfigurationPlatforms) = preSolution
		Debug|Any CPU = Debug|Any CPU
		Release|Any CPU = Release|Any CPU
	EndGlobalSection
	GlobalSection(ProjectConfigurationPlatforms) = postSolution
		{41C4EC81-7D12-4076-AFEB-251CBF2853EE}.Debug|Any CPU.ActiveCfg = Debug|Any CPU
		{41C4EC81-7D12-4076-AFEB-251CBF2853EE}.Debug|Any CPU.Build.0 = Debug|Any CPU
		{41C4EC81-7D12-4076-AFEB-251CBF2853EE}.Release|Any CPU.ActiveCfg = Release|Any CPU
		{41C4EC81-7D12-4076-AFEB-251CBF2853EE}.Release|Any CPU.Build.0 = Release|Any CPU
	EndGlobalSection
	GlobalSection(SolutionProperties) = preSolution
		HideSolutionNode = FALSE
	EndGlobalSection
	GlobalSection(ExtensibilityGlobals) = postSolution
		SolutionGuid = {CE4BF8D7-D372-46C4-B2D5-34F06C84F9B1}
	EndGlobalSection
EndGlobal
